// !$*UTF8*$!
{
	archiveVersion = 1;
	classes = {
	};
	objectVersion = 60;
	objects = {

/* Begin PBXBuildFile section */
		BC04009A2C949BD3003558DB /* FrameButtonStyle.swift in Sources */ = {isa = PBXBuildFile; fileRef = BC3FCDA22C91527100F3AC29 /* FrameButtonStyle.swift */; };
		BC057EB32C9280470030C275 /* MainTimerViewTest.swift in Sources */ = {isa = PBXBuildFile; fileRef = BC057EB22C9280470030C275 /* MainTimerViewTest.swift */; };
		BC057EB62C92EE0F0030C275 /* DateDependency.swift in Sources */ = {isa = PBXBuildFile; fileRef = BC057EB52C92EE0F0030C275 /* DateDependency.swift */; };
		BC057EBD2C94758F0030C275 /* WidgetKit.framework in Frameworks */ = {isa = PBXBuildFile; fileRef = BC057EBC2C94758F0030C275 /* WidgetKit.framework */; };
		BC057EBF2C94758F0030C275 /* SwiftUI.framework in Frameworks */ = {isa = PBXBuildFile; fileRef = BC057EBE2C94758F0030C275 /* SwiftUI.framework */; };
		BC057EC22C94758F0030C275 /* TimeWatcherWidgetBundle.swift in Sources */ = {isa = PBXBuildFile; fileRef = BC057EC12C94758F0030C275 /* TimeWatcherWidgetBundle.swift */; };
		BC057EC42C94758F0030C275 /* TimeWatcherWidgetLiveActivity.swift in Sources */ = {isa = PBXBuildFile; fileRef = BC057EC32C94758F0030C275 /* TimeWatcherWidgetLiveActivity.swift */; };
		BC057EC82C9475930030C275 /* Assets.xcassets in Resources */ = {isa = PBXBuildFile; fileRef = BC057EC72C9475930030C275 /* Assets.xcassets */; };
		BC057ECC2C9475930030C275 /* TimeWatcherWidgetExtension.appex in Embed Foundation Extensions */ = {isa = PBXBuildFile; fileRef = BC057EBB2C94758F0030C275 /* TimeWatcherWidgetExtension.appex */; settings = {ATTRIBUTES = (RemoveHeadersOnCopy, ); }; };
		BC057ED22C9478AE0030C275 /* TimeWatcherExternalResouce in Frameworks */ = {isa = PBXBuildFile; productRef = BC057ED12C9478AE0030C275 /* TimeWatcherExternalResouce */; };
		BC3FCD652C913E2900F3AC29 /* TimeWatcherApp.swift in Sources */ = {isa = PBXBuildFile; fileRef = BC3FCD642C913E2900F3AC29 /* TimeWatcherApp.swift */; };
		BC3FCD672C913E2900F3AC29 /* MainTimerView.swift in Sources */ = {isa = PBXBuildFile; fileRef = BC3FCD662C913E2900F3AC29 /* MainTimerView.swift */; };
		BC3FCD6C2C913E2B00F3AC29 /* Preview Assets.xcassets in Resources */ = {isa = PBXBuildFile; fileRef = BC3FCD6B2C913E2B00F3AC29 /* Preview Assets.xcassets */; };
		BC3FCD802C913E2C00F3AC29 /* TimeWatcherUITests.swift in Sources */ = {isa = PBXBuildFile; fileRef = BC3FCD7F2C913E2C00F3AC29 /* TimeWatcherUITests.swift */; };
		BC3FCD822C913E2C00F3AC29 /* TimeWatcherUITestsLaunchTests.swift in Sources */ = {isa = PBXBuildFile; fileRef = BC3FCD812C913E2C00F3AC29 /* TimeWatcherUITestsLaunchTests.swift */; };
		BC3FCD902C91408A00F3AC29 /* MainTimerViewModel.swift in Sources */ = {isa = PBXBuildFile; fileRef = BC3FCD8F2C91408A00F3AC29 /* MainTimerViewModel.swift */; };
		BC3FCD932C91429900F3AC29 /* TimerStatus.swift in Sources */ = {isa = PBXBuildFile; fileRef = BC3FCD922C91429900F3AC29 /* TimerStatus.swift */; };
		BC3FCD952C9142BF00F3AC29 /* TimerActionType.swift in Sources */ = {isa = PBXBuildFile; fileRef = BC3FCD942C9142BF00F3AC29 /* TimerActionType.swift */; };
		BC3FCD9C2C914D9000F3AC29 /* TimeWatcherExternalResouce in Frameworks */ = {isa = PBXBuildFile; productRef = BC3FCD9B2C914D9000F3AC29 /* TimeWatcherExternalResouce */; };
		BC3FCD9F2C914E2900F3AC29 /* ResourceAdapt.swift in Sources */ = {isa = PBXBuildFile; fileRef = BC3FCD9E2C914E2900F3AC29 /* ResourceAdapt.swift */; };
		BC3FCDA12C91507900F3AC29 /* Asset.xcassets in Resources */ = {isa = PBXBuildFile; fileRef = BC3FCDA02C91507900F3AC29 /* Asset.xcassets */; };
		BC3FCDA32C91527100F3AC29 /* FrameButtonStyle.swift in Sources */ = {isa = PBXBuildFile; fileRef = BC3FCDA22C91527100F3AC29 /* FrameButtonStyle.swift */; };
		BC3FCDAC2C918A4300F3AC29 /* TimeWatch.swift in Sources */ = {isa = PBXBuildFile; fileRef = BC3FCDAB2C918A4300F3AC29 /* TimeWatch.swift */; };
		BC3FCDB02C91957500F3AC29 /* Date+Extension.swift in Sources */ = {isa = PBXBuildFile; fileRef = BC3FCDAF2C91957500F3AC29 /* Date+Extension.swift */; };
		BC3FCDB32C91DF8800F3AC29 /* Logger.swift in Sources */ = {isa = PBXBuildFile; fileRef = BC3FCDB22C91DF8800F3AC29 /* Logger.swift */; };
		BC4B66302C955B1B004C3EEF /* LiveActivityManager.swift in Sources */ = {isa = PBXBuildFile; fileRef = BC4B662F2C955B1B004C3EEF /* LiveActivityManager.swift */; };
		BC4B66312C955C40004C3EEF /* TimeWatcherWidgetLiveActivity.swift in Sources */ = {isa = PBXBuildFile; fileRef = BC057EC32C94758F0030C275 /* TimeWatcherWidgetLiveActivity.swift */; };
		BC4B66332C959A72004C3EEF /* TimeInterval+Extension.swift in Sources */ = {isa = PBXBuildFile; fileRef = BC4B66322C959A72004C3EEF /* TimeInterval+Extension.swift */; };
		BC4B66352C95AF0F004C3EEF /* Calendar+Extension.swift in Sources */ = {isa = PBXBuildFile; fileRef = BC4B66342C95AF0E004C3EEF /* Calendar+Extension.swift */; };
		BC57C0CE2C96A0E300786503 /* LiveActivityManagerMock.swift in Sources */ = {isa = PBXBuildFile; fileRef = BC57C0C42C969AF300786503 /* LiveActivityManagerMock.swift */; };
		BC57C0D02C96A16000786503 /* LiveActivityManaging.swift in Sources */ = {isa = PBXBuildFile; fileRef = BC57C0CF2C96A16000786503 /* LiveActivityManaging.swift */; };
		BC57C0D32C990DFE00786503 /* TimerStartIntent.swift in Sources */ = {isa = PBXBuildFile; fileRef = BC57C0D22C990DFE00786503 /* TimerStartIntent.swift */; };
		BC57C0D42C990E9500786503 /* LiveActivityManaging.swift in Sources */ = {isa = PBXBuildFile; fileRef = BC57C0CF2C96A16000786503 /* LiveActivityManaging.swift */; };
		BC57C0D52C990EA100786503 /* LiveActivityManager.swift in Sources */ = {isa = PBXBuildFile; fileRef = BC4B662F2C955B1B004C3EEF /* LiveActivityManager.swift */; };
		BC57C0D62C991B3C00786503 /* TimeWatch.swift in Sources */ = {isa = PBXBuildFile; fileRef = BC3FCDAB2C918A4300F3AC29 /* TimeWatch.swift */; };
		BC57C0D72C991C0500786503 /* DateDependency.swift in Sources */ = {isa = PBXBuildFile; fileRef = BC057EB52C92EE0F0030C275 /* DateDependency.swift */; };
		BC57C0D82C991CCB00786503 /* Logger.swift in Sources */ = {isa = PBXBuildFile; fileRef = BC3FCDB22C91DF8800F3AC29 /* Logger.swift */; };
		BC57C0D92C991CF400786503 /* Date+Extension.swift in Sources */ = {isa = PBXBuildFile; fileRef = BC3FCDAF2C91957500F3AC29 /* Date+Extension.swift */; };
		BC57C0DB2C991D1000786503 /* TimerStopIntent.swift in Sources */ = {isa = PBXBuildFile; fileRef = BC57C0DA2C991D1000786503 /* TimerStopIntent.swift */; };
		BC57C0DD2C991D5700786503 /* TimerControlable.swift in Sources */ = {isa = PBXBuildFile; fileRef = BC57C0DC2C991D5700786503 /* TimerControlable.swift */; };
		BC57C0DF2C991E6A00786503 /* TimerResetIntent.swift in Sources */ = {isa = PBXBuildFile; fileRef = BC57C0DE2C991E6A00786503 /* TimerResetIntent.swift */; };
		BC57C0E02C99348E00786503 /* TimerStartIntent.swift in Sources */ = {isa = PBXBuildFile; fileRef = BC57C0D22C990DFE00786503 /* TimerStartIntent.swift */; };
		BC57C0E12C99349100786503 /* TimerStopIntent.swift in Sources */ = {isa = PBXBuildFile; fileRef = BC57C0DA2C991D1000786503 /* TimerStopIntent.swift */; };
		BC57C0E22C99349300786503 /* TimerResetIntent.swift in Sources */ = {isa = PBXBuildFile; fileRef = BC57C0DE2C991E6A00786503 /* TimerResetIntent.swift */; };
		BC57C0E32C99349600786503 /* TimerControlable.swift in Sources */ = {isa = PBXBuildFile; fileRef = BC57C0DC2C991D5700786503 /* TimerControlable.swift */; };
		BC57C0E42C99411200786503 /* Calendar+Extension.swift in Sources */ = {isa = PBXBuildFile; fileRef = BC4B66342C95AF0E004C3EEF /* Calendar+Extension.swift */; };
		BC57C0E72C99431000786503 /* AppConstants.swift in Sources */ = {isa = PBXBuildFile; fileRef = BC57C0E62C99431000786503 /* AppConstants.swift */; };
		BC57C0E82C9947F900786503 /* AppConstants.swift in Sources */ = {isa = PBXBuildFile; fileRef = BC57C0E62C99431000786503 /* AppConstants.swift */; };
		BC57C0E92C99480800786503 /* TimeInterval+Extension.swift in Sources */ = {isa = PBXBuildFile; fileRef = BC4B66322C959A72004C3EEF /* TimeInterval+Extension.swift */; };
		BC57C0EC2C996B9500786503 /* TimerStartIntentTest.swift in Sources */ = {isa = PBXBuildFile; fileRef = BC57C0EB2C996B9500786503 /* TimerStartIntentTest.swift */; };
		BC57C0EF2C99C69900786503 /* TestUtilities.swift in Sources */ = {isa = PBXBuildFile; fileRef = BC57C0EE2C99C69900786503 /* TestUtilities.swift */; };
		BC57C0F12C99CDED00786503 /* TimerStopIntentTest.swift in Sources */ = {isa = PBXBuildFile; fileRef = BC57C0F02C99CDED00786503 /* TimerStopIntentTest.swift */; };
		BC57C0F42C9A7A0200786503 /* WidgetUrlKey.swift in Sources */ = {isa = PBXBuildFile; fileRef = BC57C0F32C9A7A0200786503 /* WidgetUrlKey.swift */; };
		BC57C0F52C9A801400786503 /* WidgetUrlKey.swift in Sources */ = {isa = PBXBuildFile; fileRef = BC57C0F32C9A7A0200786503 /* WidgetUrlKey.swift */; };
		BC57C0F72C9A8D1700786503 /* OpenUrlViewModel.swift in Sources */ = {isa = PBXBuildFile; fileRef = BC57C0F62C9A8D1700786503 /* OpenUrlViewModel.swift */; };
		BC57C0FC2C9A938900786503 /* OpenUrlViewModelTest.swift in Sources */ = {isa = PBXBuildFile; fileRef = BC57C0FB2C9A938900786503 /* OpenUrlViewModelTest.swift */; };
		BC5D47072C947C8400C52820 /* TimerStatus.swift in Sources */ = {isa = PBXBuildFile; fileRef = BC3FCD922C91429900F3AC29 /* TimerStatus.swift */; };
		BC5D47082C947D8200C52820 /* TimerActionType.swift in Sources */ = {isa = PBXBuildFile; fileRef = BC3FCD942C9142BF00F3AC29 /* TimerActionType.swift */; };
		BC5D47092C947E4B00C52820 /* ResourceAdapt.swift in Sources */ = {isa = PBXBuildFile; fileRef = BC3FCD9E2C914E2900F3AC29 /* ResourceAdapt.swift */; };
		BC6E15B52C9AF32F00D518AF /* (null) in Resources */ = {isa = PBXBuildFile; };
		BC6E15B72C9AF80000D518AF /* PrivacyInfo.xcprivacy in Resources */ = {isa = PBXBuildFile; fileRef = BC6E15B62C9AF80000D518AF /* PrivacyInfo.xcprivacy */; };
		BC6E15B82C9AF80000D518AF /* PrivacyInfo.xcprivacy in Resources */ = {isa = PBXBuildFile; fileRef = BC6E15B62C9AF80000D518AF /* PrivacyInfo.xcprivacy */; };
		BCB5B59E2C9529D700DB3D79 /* TimerClockAnimationView.swift in Sources */ = {isa = PBXBuildFile; fileRef = BCB5B59D2C9529D700DB3D79 /* TimerClockAnimationView.swift */; };
		BCB5B59F2C952A7200DB3D79 /* TimerClockAnimationView.swift in Sources */ = {isa = PBXBuildFile; fileRef = BCB5B59D2C9529D700DB3D79 /* TimerClockAnimationView.swift */; };
		BCF46B812C9D6EDB006BAEAF /* LaunchScreen.storyboard in Resources */ = {isa = PBXBuildFile; fileRef = BCF46B802C9D6EDB006BAEAF /* LaunchScreen.storyboard */; };
/* End PBXBuildFile section */

/* Begin PBXContainerItemProxy section */
		BC057ECA2C9475930030C275 /* PBXContainerItemProxy */ = {
			isa = PBXContainerItemProxy;
			containerPortal = BC3FCD592C913E2900F3AC29 /* Project object */;
			proxyType = 1;
			remoteGlobalIDString = BC057EBA2C94758F0030C275;
			remoteInfo = TimeWatcherWidgetExtension;
		};
		BC3FCD722C913E2B00F3AC29 /* PBXContainerItemProxy */ = {
			isa = PBXContainerItemProxy;
			containerPortal = BC3FCD592C913E2900F3AC29 /* Project object */;
			proxyType = 1;
			remoteGlobalIDString = BC3FCD602C913E2900F3AC29;
			remoteInfo = TimeWatcher;
		};
		BC3FCD7C2C913E2B00F3AC29 /* PBXContainerItemProxy */ = {
			isa = PBXContainerItemProxy;
			containerPortal = BC3FCD592C913E2900F3AC29 /* Project object */;
			proxyType = 1;
			remoteGlobalIDString = BC3FCD602C913E2900F3AC29;
			remoteInfo = TimeWatcher;
		};
/* End PBXContainerItemProxy section */

/* Begin PBXCopyFilesBuildPhase section */
		BC057ECD2C9475930030C275 /* Embed Foundation Extensions */ = {
			isa = PBXCopyFilesBuildPhase;
			buildActionMask = 2147483647;
			dstPath = "";
			dstSubfolderSpec = 13;
			files = (
				BC057ECC2C9475930030C275 /* TimeWatcherWidgetExtension.appex in Embed Foundation Extensions */,
			);
			name = "Embed Foundation Extensions";
			runOnlyForDeploymentPostprocessing = 0;
		};
/* End PBXCopyFilesBuildPhase section */

/* Begin PBXFileReference section */
		BC057EB22C9280470030C275 /* MainTimerViewTest.swift */ = {isa = PBXFileReference; lastKnownFileType = sourcecode.swift; path = MainTimerViewTest.swift; sourceTree = "<group>"; };
		BC057EB52C92EE0F0030C275 /* DateDependency.swift */ = {isa = PBXFileReference; lastKnownFileType = sourcecode.swift; path = DateDependency.swift; sourceTree = "<group>"; };
		BC057EBB2C94758F0030C275 /* TimeWatcherWidgetExtension.appex */ = {isa = PBXFileReference; explicitFileType = "wrapper.app-extension"; includeInIndex = 0; path = TimeWatcherWidgetExtension.appex; sourceTree = BUILT_PRODUCTS_DIR; };
		BC057EBC2C94758F0030C275 /* WidgetKit.framework */ = {isa = PBXFileReference; lastKnownFileType = wrapper.framework; name = WidgetKit.framework; path = System/Library/Frameworks/WidgetKit.framework; sourceTree = SDKROOT; };
		BC057EBE2C94758F0030C275 /* SwiftUI.framework */ = {isa = PBXFileReference; lastKnownFileType = wrapper.framework; name = SwiftUI.framework; path = System/Library/Frameworks/SwiftUI.framework; sourceTree = SDKROOT; };
		BC057EC12C94758F0030C275 /* TimeWatcherWidgetBundle.swift */ = {isa = PBXFileReference; lastKnownFileType = sourcecode.swift; path = TimeWatcherWidgetBundle.swift; sourceTree = "<group>"; };
		BC057EC32C94758F0030C275 /* TimeWatcherWidgetLiveActivity.swift */ = {isa = PBXFileReference; lastKnownFileType = sourcecode.swift; path = TimeWatcherWidgetLiveActivity.swift; sourceTree = "<group>"; };
		BC057EC72C9475930030C275 /* Assets.xcassets */ = {isa = PBXFileReference; lastKnownFileType = folder.assetcatalog; path = Assets.xcassets; sourceTree = "<group>"; };
		BC057EC92C9475930030C275 /* Info.plist */ = {isa = PBXFileReference; lastKnownFileType = text.plist.xml; path = Info.plist; sourceTree = "<group>"; };
		BC3FCD612C913E2900F3AC29 /* TimeWatcher.app */ = {isa = PBXFileReference; explicitFileType = wrapper.application; includeInIndex = 0; path = TimeWatcher.app; sourceTree = BUILT_PRODUCTS_DIR; };
		BC3FCD642C913E2900F3AC29 /* TimeWatcherApp.swift */ = {isa = PBXFileReference; lastKnownFileType = sourcecode.swift; path = TimeWatcherApp.swift; sourceTree = "<group>"; };
		BC3FCD662C913E2900F3AC29 /* MainTimerView.swift */ = {isa = PBXFileReference; lastKnownFileType = sourcecode.swift; path = MainTimerView.swift; sourceTree = "<group>"; };
		BC3FCD6B2C913E2B00F3AC29 /* Preview Assets.xcassets */ = {isa = PBXFileReference; lastKnownFileType = folder.assetcatalog; path = "Preview Assets.xcassets"; sourceTree = "<group>"; };
		BC3FCD712C913E2B00F3AC29 /* TimeWatcherTests.xctest */ = {isa = PBXFileReference; explicitFileType = wrapper.cfbundle; includeInIndex = 0; path = TimeWatcherTests.xctest; sourceTree = BUILT_PRODUCTS_DIR; };
		BC3FCD7B2C913E2B00F3AC29 /* TimeWatcherUITests.xctest */ = {isa = PBXFileReference; explicitFileType = wrapper.cfbundle; includeInIndex = 0; path = TimeWatcherUITests.xctest; sourceTree = BUILT_PRODUCTS_DIR; };
		BC3FCD7F2C913E2C00F3AC29 /* TimeWatcherUITests.swift */ = {isa = PBXFileReference; lastKnownFileType = sourcecode.swift; path = TimeWatcherUITests.swift; sourceTree = "<group>"; };
		BC3FCD812C913E2C00F3AC29 /* TimeWatcherUITestsLaunchTests.swift */ = {isa = PBXFileReference; lastKnownFileType = sourcecode.swift; path = TimeWatcherUITestsLaunchTests.swift; sourceTree = "<group>"; };
		BC3FCD8F2C91408A00F3AC29 /* MainTimerViewModel.swift */ = {isa = PBXFileReference; lastKnownFileType = sourcecode.swift; path = MainTimerViewModel.swift; sourceTree = "<group>"; };
		BC3FCD922C91429900F3AC29 /* TimerStatus.swift */ = {isa = PBXFileReference; lastKnownFileType = sourcecode.swift; path = TimerStatus.swift; sourceTree = "<group>"; };
		BC3FCD942C9142BF00F3AC29 /* TimerActionType.swift */ = {isa = PBXFileReference; lastKnownFileType = sourcecode.swift; path = TimerActionType.swift; sourceTree = "<group>"; };
		BC3FCD9E2C914E2900F3AC29 /* ResourceAdapt.swift */ = {isa = PBXFileReference; lastKnownFileType = sourcecode.swift; path = ResourceAdapt.swift; sourceTree = "<group>"; };
		BC3FCDA02C91507900F3AC29 /* Asset.xcassets */ = {isa = PBXFileReference; lastKnownFileType = folder.assetcatalog; path = Asset.xcassets; sourceTree = "<group>"; };
		BC3FCDA22C91527100F3AC29 /* FrameButtonStyle.swift */ = {isa = PBXFileReference; lastKnownFileType = sourcecode.swift; path = FrameButtonStyle.swift; sourceTree = "<group>"; };
		BC3FCDAB2C918A4300F3AC29 /* TimeWatch.swift */ = {isa = PBXFileReference; lastKnownFileType = sourcecode.swift; path = TimeWatch.swift; sourceTree = "<group>"; };
		BC3FCDAF2C91957500F3AC29 /* Date+Extension.swift */ = {isa = PBXFileReference; lastKnownFileType = sourcecode.swift; path = "Date+Extension.swift"; sourceTree = "<group>"; };
		BC3FCDB22C91DF8800F3AC29 /* Logger.swift */ = {isa = PBXFileReference; lastKnownFileType = sourcecode.swift; path = Logger.swift; sourceTree = "<group>"; };
		BC4B662F2C955B1B004C3EEF /* LiveActivityManager.swift */ = {isa = PBXFileReference; lastKnownFileType = sourcecode.swift; path = LiveActivityManager.swift; sourceTree = "<group>"; };
		BC4B66322C959A72004C3EEF /* TimeInterval+Extension.swift */ = {isa = PBXFileReference; lastKnownFileType = sourcecode.swift; path = "TimeInterval+Extension.swift"; sourceTree = "<group>"; };
		BC4B66342C95AF0E004C3EEF /* Calendar+Extension.swift */ = {isa = PBXFileReference; lastKnownFileType = sourcecode.swift; path = "Calendar+Extension.swift"; sourceTree = "<group>"; };
		BC57C0C42C969AF300786503 /* LiveActivityManagerMock.swift */ = {isa = PBXFileReference; lastKnownFileType = sourcecode.swift; path = LiveActivityManagerMock.swift; sourceTree = "<group>"; };
		BC57C0CF2C96A16000786503 /* LiveActivityManaging.swift */ = {isa = PBXFileReference; lastKnownFileType = sourcecode.swift; path = LiveActivityManaging.swift; sourceTree = "<group>"; };
		BC57C0D22C990DFE00786503 /* TimerStartIntent.swift */ = {isa = PBXFileReference; lastKnownFileType = sourcecode.swift; path = TimerStartIntent.swift; sourceTree = "<group>"; };
		BC57C0DA2C991D1000786503 /* TimerStopIntent.swift */ = {isa = PBXFileReference; lastKnownFileType = sourcecode.swift; path = TimerStopIntent.swift; sourceTree = "<group>"; };
		BC57C0DC2C991D5700786503 /* TimerControlable.swift */ = {isa = PBXFileReference; lastKnownFileType = sourcecode.swift; path = TimerControlable.swift; sourceTree = "<group>"; };
		BC57C0DE2C991E6A00786503 /* TimerResetIntent.swift */ = {isa = PBXFileReference; lastKnownFileType = sourcecode.swift; path = TimerResetIntent.swift; sourceTree = "<group>"; };
		BC57C0E62C99431000786503 /* AppConstants.swift */ = {isa = PBXFileReference; lastKnownFileType = sourcecode.swift; path = AppConstants.swift; sourceTree = "<group>"; };
		BC57C0EB2C996B9500786503 /* TimerStartIntentTest.swift */ = {isa = PBXFileReference; lastKnownFileType = sourcecode.swift; path = TimerStartIntentTest.swift; sourceTree = "<group>"; };
		BC57C0EE2C99C69900786503 /* TestUtilities.swift */ = {isa = PBXFileReference; lastKnownFileType = sourcecode.swift; path = TestUtilities.swift; sourceTree = "<group>"; };
		BC57C0F02C99CDED00786503 /* TimerStopIntentTest.swift */ = {isa = PBXFileReference; lastKnownFileType = sourcecode.swift; path = TimerStopIntentTest.swift; sourceTree = "<group>"; };
		BC57C0F32C9A7A0200786503 /* WidgetUrlKey.swift */ = {isa = PBXFileReference; lastKnownFileType = sourcecode.swift; path = WidgetUrlKey.swift; sourceTree = "<group>"; };
		BC57C0F62C9A8D1700786503 /* OpenUrlViewModel.swift */ = {isa = PBXFileReference; lastKnownFileType = sourcecode.swift; path = OpenUrlViewModel.swift; sourceTree = "<group>"; };
		BC57C0FB2C9A938900786503 /* OpenUrlViewModelTest.swift */ = {isa = PBXFileReference; lastKnownFileType = sourcecode.swift; path = OpenUrlViewModelTest.swift; sourceTree = "<group>"; };
		BC6E15B62C9AF80000D518AF /* PrivacyInfo.xcprivacy */ = {isa = PBXFileReference; lastKnownFileType = text.xml; path = PrivacyInfo.xcprivacy; sourceTree = "<group>"; };
		BCB5B59D2C9529D700DB3D79 /* TimerClockAnimationView.swift */ = {isa = PBXFileReference; lastKnownFileType = sourcecode.swift; path = TimerClockAnimationView.swift; sourceTree = "<group>"; };
		BCF46B802C9D6EDB006BAEAF /* LaunchScreen.storyboard */ = {isa = PBXFileReference; lastKnownFileType = file.storyboard; path = LaunchScreen.storyboard; sourceTree = "<group>"; };
/* End PBXFileReference section */

/* Begin PBXFrameworksBuildPhase section */
		BC057EB82C94758F0030C275 /* Frameworks */ = {
			isa = PBXFrameworksBuildPhase;
			buildActionMask = 2147483647;
			files = (
				BC057EBF2C94758F0030C275 /* SwiftUI.framework in Frameworks */,
				BC057ED22C9478AE0030C275 /* TimeWatcherExternalResouce in Frameworks */,
				BC057EBD2C94758F0030C275 /* WidgetKit.framework in Frameworks */,
			);
			runOnlyForDeploymentPostprocessing = 0;
		};
		BC3FCD5E2C913E2900F3AC29 /* Frameworks */ = {
			isa = PBXFrameworksBuildPhase;
			buildActionMask = 2147483647;
			files = (
				BC3FCD9C2C914D9000F3AC29 /* TimeWatcherExternalResouce in Frameworks */,
			);
			runOnlyForDeploymentPostprocessing = 0;
		};
		BC3FCD6E2C913E2B00F3AC29 /* Frameworks */ = {
			isa = PBXFrameworksBuildPhase;
			buildActionMask = 2147483647;
			files = (
			);
			runOnlyForDeploymentPostprocessing = 0;
		};
		BC3FCD782C913E2B00F3AC29 /* Frameworks */ = {
			isa = PBXFrameworksBuildPhase;
			buildActionMask = 2147483647;
			files = (
			);
			runOnlyForDeploymentPostprocessing = 0;
		};
/* End PBXFrameworksBuildPhase section */

/* Begin PBXGroup section */
		BC057EB12C92801B0030C275 /* MainTimerView */ = {
			isa = PBXGroup;
			children = (
				BC057EB22C9280470030C275 /* MainTimerViewTest.swift */,
			);
			path = MainTimerView;
			sourceTree = "<group>";
		};
		BC057EB42C92EDFC0030C275 /* Dependency */ = {
			isa = PBXGroup;
			children = (
				BC057EB52C92EE0F0030C275 /* DateDependency.swift */,
			);
			path = Dependency;
			sourceTree = "<group>";
		};
		BC057EC02C94758F0030C275 /* TimeWatcherWidget */ = {
			isa = PBXGroup;
			children = (
				BC57C0F22C9A524500786503 /* Definition */,
				BC57C0D12C990DC700786503 /* Intent */,
				BC057EC12C94758F0030C275 /* TimeWatcherWidgetBundle.swift */,
				BC057EC32C94758F0030C275 /* TimeWatcherWidgetLiveActivity.swift */,
				BC057EC72C9475930030C275 /* Assets.xcassets */,
				BC057EC92C9475930030C275 /* Info.plist */,
			);
			path = TimeWatcherWidget;
			sourceTree = "<group>";
		};
		BC3FCD582C913E2900F3AC29 = {
			isa = PBXGroup;
			children = (
				BC3FCD632C913E2900F3AC29 /* TimeWatcher */,
				BC3FCD742C913E2B00F3AC29 /* TimeWatcherTests */,
				BC3FCD7E2C913E2B00F3AC29 /* TimeWatcherUITests */,
				BC057EC02C94758F0030C275 /* TimeWatcherWidget */,
				BC3FCD622C913E2900F3AC29 /* Products */,
				BC3FCD9A2C914D9000F3AC29 /* Frameworks */,
			);
			sourceTree = "<group>";
		};
		BC3FCD622C913E2900F3AC29 /* Products */ = {
			isa = PBXGroup;
			children = (
				BC3FCD612C913E2900F3AC29 /* TimeWatcher.app */,
				BC3FCD712C913E2B00F3AC29 /* TimeWatcherTests.xctest */,
				BC3FCD7B2C913E2B00F3AC29 /* TimeWatcherUITests.xctest */,
				BC057EBB2C94758F0030C275 /* TimeWatcherWidgetExtension.appex */,
			);
			name = Products;
			sourceTree = "<group>";
		};
		BC3FCD632C913E2900F3AC29 /* TimeWatcher */ = {
			isa = PBXGroup;
			children = (
				BC057EB42C92EDFC0030C275 /* Dependency */,
				BC3FCD9D2C914E0300F3AC29 /* Utility */,
				BC3FCDA92C9189BA00F3AC29 /* View */,
				BC3FCDAA2C9189CE00F3AC29 /* AppModel */,
				BC3FCD6A2C913E2B00F3AC29 /* Preview Content */,
				BC3FCDA02C91507900F3AC29 /* Asset.xcassets */,
				BC6E15B62C9AF80000D518AF /* PrivacyInfo.xcprivacy */,
			);
			path = TimeWatcher;
			sourceTree = "<group>";
		};
		BC3FCD6A2C913E2B00F3AC29 /* Preview Content */ = {
			isa = PBXGroup;
			children = (
				BC3FCD6B2C913E2B00F3AC29 /* Preview Assets.xcassets */,
			);
			path = "Preview Content";
			sourceTree = "<group>";
		};
		BC3FCD742C913E2B00F3AC29 /* TimeWatcherTests */ = {
			isa = PBXGroup;
			children = (
				BC57C0F82C9A935400786503 /* RootView */,
				BC57C0ED2C99C68700786503 /* Utilities */,
				BC57C0EA2C996B6D00786503 /* TimerWatcherWidgetIntent */,
				BC057EB12C92801B0030C275 /* MainTimerView */,
			);
			path = TimeWatcherTests;
			sourceTree = "<group>";
		};
		BC3FCD7E2C913E2B00F3AC29 /* TimeWatcherUITests */ = {
			isa = PBXGroup;
			children = (
				BC3FCD7F2C913E2C00F3AC29 /* TimeWatcherUITests.swift */,
				BC3FCD812C913E2C00F3AC29 /* TimeWatcherUITestsLaunchTests.swift */,
			);
			path = TimeWatcherUITests;
			sourceTree = "<group>";
		};
		BC3FCD8E2C913FCE00F3AC29 /* MainTimerView */ = {
			isa = PBXGroup;
			children = (
				BC3FCD912C91428900F3AC29 /* Entity */,
				BC3FCD662C913E2900F3AC29 /* MainTimerView.swift */,
				BC3FCD8F2C91408A00F3AC29 /* MainTimerViewModel.swift */,
			);
			path = MainTimerView;
			sourceTree = "<group>";
		};
		BC3FCD912C91428900F3AC29 /* Entity */ = {
			isa = PBXGroup;
			children = (
				BC3FCD922C91429900F3AC29 /* TimerStatus.swift */,
				BC3FCD942C9142BF00F3AC29 /* TimerActionType.swift */,
			);
			path = Entity;
			sourceTree = "<group>";
		};
		BC3FCD9A2C914D9000F3AC29 /* Frameworks */ = {
			isa = PBXGroup;
			children = (
				BC057EBC2C94758F0030C275 /* WidgetKit.framework */,
				BC057EBE2C94758F0030C275 /* SwiftUI.framework */,
			);
			name = Frameworks;
			sourceTree = "<group>";
		};
		BC3FCD9D2C914E0300F3AC29 /* Utility */ = {
			isa = PBXGroup;
			children = (
				BC57C0E52C99430600786503 /* Constant */,
				BC3FCDB12C91DF7C00F3AC29 /* Logger */,
				BC3FCDAE2C91955D00F3AC29 /* Extension */,
				BC3FCDAD2C91954F00F3AC29 /* Resource */,
				BC3FCDA62C915E9E00F3AC29 /* ViewUtility */,
			);
			path = Utility;
			sourceTree = "<group>";
		};
		BC3FCDA62C915E9E00F3AC29 /* ViewUtility */ = {
			isa = PBXGroup;
			children = (
				BC3FCDA22C91527100F3AC29 /* FrameButtonStyle.swift */,
			);
			path = ViewUtility;
			sourceTree = "<group>";
		};
		BC3FCDA92C9189BA00F3AC29 /* View */ = {
			isa = PBXGroup;
			children = (
				BC4B662E2C955A40004C3EEF /* ViewParts */,
				BCF25BC12C9AC369002133A4 /* RootView */,
				BC3FCD8E2C913FCE00F3AC29 /* MainTimerView */,
				BCF46B802C9D6EDB006BAEAF /* LaunchScreen.storyboard */,
			);
			path = View;
			sourceTree = "<group>";
		};
		BC3FCDAA2C9189CE00F3AC29 /* AppModel */ = {
			isa = PBXGroup;
			children = (
				BC57C0CD2C96A0D700786503 /* LiviActivity */,
				BC3FCDAB2C918A4300F3AC29 /* TimeWatch.swift */,
			);
			path = AppModel;
			sourceTree = "<group>";
		};
		BC3FCDAD2C91954F00F3AC29 /* Resource */ = {
			isa = PBXGroup;
			children = (
				BC3FCD9E2C914E2900F3AC29 /* ResourceAdapt.swift */,
			);
			path = Resource;
			sourceTree = "<group>";
		};
		BC3FCDAE2C91955D00F3AC29 /* Extension */ = {
			isa = PBXGroup;
			children = (
				BC3FCDAF2C91957500F3AC29 /* Date+Extension.swift */,
				BC4B66322C959A72004C3EEF /* TimeInterval+Extension.swift */,
				BC4B66342C95AF0E004C3EEF /* Calendar+Extension.swift */,
			);
			path = Extension;
			sourceTree = "<group>";
		};
		BC3FCDB12C91DF7C00F3AC29 /* Logger */ = {
			isa = PBXGroup;
			children = (
				BC3FCDB22C91DF8800F3AC29 /* Logger.swift */,
			);
			path = Logger;
			sourceTree = "<group>";
		};
		BC4B662E2C955A40004C3EEF /* ViewParts */ = {
			isa = PBXGroup;
			children = (
				BCB5B59D2C9529D700DB3D79 /* TimerClockAnimationView.swift */,
			);
			path = ViewParts;
			sourceTree = "<group>";
		};
		BC57C0CD2C96A0D700786503 /* LiviActivity */ = {
			isa = PBXGroup;
			children = (
				BC57C0C42C969AF300786503 /* LiveActivityManagerMock.swift */,
				BC4B662F2C955B1B004C3EEF /* LiveActivityManager.swift */,
				BC57C0CF2C96A16000786503 /* LiveActivityManaging.swift */,
			);
			path = LiviActivity;
			sourceTree = "<group>";
		};
		BC57C0D12C990DC700786503 /* Intent */ = {
			isa = PBXGroup;
			children = (
				BC57C0D22C990DFE00786503 /* TimerStartIntent.swift */,
				BC57C0DA2C991D1000786503 /* TimerStopIntent.swift */,
				BC57C0DE2C991E6A00786503 /* TimerResetIntent.swift */,
				BC57C0DC2C991D5700786503 /* TimerControlable.swift */,
			);
			path = Intent;
			sourceTree = "<group>";
		};
		BC57C0E52C99430600786503 /* Constant */ = {
			isa = PBXGroup;
			children = (
				BC57C0E62C99431000786503 /* AppConstants.swift */,
			);
			path = Constant;
			sourceTree = "<group>";
		};
		BC57C0EA2C996B6D00786503 /* TimerWatcherWidgetIntent */ = {
			isa = PBXGroup;
			children = (
				BC57C0F02C99CDED00786503 /* TimerStopIntentTest.swift */,
				BC57C0EB2C996B9500786503 /* TimerStartIntentTest.swift */,
			);
			path = TimerWatcherWidgetIntent;
			sourceTree = "<group>";
		};
		BC57C0ED2C99C68700786503 /* Utilities */ = {
			isa = PBXGroup;
			children = (
				BC57C0EE2C99C69900786503 /* TestUtilities.swift */,
			);
			path = Utilities;
			sourceTree = "<group>";
		};
		BC57C0F22C9A524500786503 /* Definition */ = {
			isa = PBXGroup;
			children = (
				BC57C0F32C9A7A0200786503 /* WidgetUrlKey.swift */,
			);
			path = Definition;
			sourceTree = "<group>";
		};
		BC57C0F82C9A935400786503 /* RootView */ = {
			isa = PBXGroup;
			children = (
				BC57C0FB2C9A938900786503 /* OpenUrlViewModelTest.swift */,
			);
			path = RootView;
			sourceTree = "<group>";
		};
		BCF25BC12C9AC369002133A4 /* RootView */ = {
			isa = PBXGroup;
			children = (
				BC3FCD642C913E2900F3AC29 /* TimeWatcherApp.swift */,
				BC57C0F62C9A8D1700786503 /* OpenUrlViewModel.swift */,
			);
			path = RootView;
			sourceTree = "<group>";
		};
/* End PBXGroup section */

/* Begin PBXNativeTarget section */
		BC057EBA2C94758F0030C275 /* TimeWatcherWidgetExtension */ = {
			isa = PBXNativeTarget;
			buildConfigurationList = BC057ED02C9475930030C275 /* Build configuration list for PBXNativeTarget "TimeWatcherWidgetExtension" */;
			buildPhases = (
				BC057EB72C94758F0030C275 /* Sources */,
				BC057EB82C94758F0030C275 /* Frameworks */,
				BC057EB92C94758F0030C275 /* Resources */,
			);
			buildRules = (
			);
			dependencies = (
			);
			name = TimeWatcherWidgetExtension;
			packageProductDependencies = (
				BC057ED12C9478AE0030C275 /* TimeWatcherExternalResouce */,
			);
			productName = TimeWatcherWidgetExtension;
			productReference = BC057EBB2C94758F0030C275 /* TimeWatcherWidgetExtension.appex */;
			productType = "com.apple.product-type.app-extension";
		};
		BC3FCD602C913E2900F3AC29 /* TimeWatcher */ = {
			isa = PBXNativeTarget;
			buildConfigurationList = BC3FCD852C913E2C00F3AC29 /* Build configuration list for PBXNativeTarget "TimeWatcher" */;
			buildPhases = (
				BC3FCD5D2C913E2900F3AC29 /* Sources */,
				BC3FCD5E2C913E2900F3AC29 /* Frameworks */,
				BC3FCD5F2C913E2900F3AC29 /* Resources */,
				BC057ECD2C9475930030C275 /* Embed Foundation Extensions */,
			);
			buildRules = (
			);
			dependencies = (
				BC057ECB2C9475930030C275 /* PBXTargetDependency */,
			);
			name = TimeWatcher;
			packageProductDependencies = (
				BC3FCD9B2C914D9000F3AC29 /* TimeWatcherExternalResouce */,
			);
			productName = TimeWatcher;
			productReference = BC3FCD612C913E2900F3AC29 /* TimeWatcher.app */;
			productType = "com.apple.product-type.application";
		};
		BC3FCD702C913E2B00F3AC29 /* TimeWatcherTests */ = {
			isa = PBXNativeTarget;
			buildConfigurationList = BC3FCD882C913E2C00F3AC29 /* Build configuration list for PBXNativeTarget "TimeWatcherTests" */;
			buildPhases = (
				BC3FCD6D2C913E2B00F3AC29 /* Sources */,
				BC3FCD6E2C913E2B00F3AC29 /* Frameworks */,
				BC3FCD6F2C913E2B00F3AC29 /* Resources */,
			);
			buildRules = (
			);
			dependencies = (
				BC3FCD732C913E2B00F3AC29 /* PBXTargetDependency */,
			);
			name = TimeWatcherTests;
			productName = TimeWatcherTests;
			productReference = BC3FCD712C913E2B00F3AC29 /* TimeWatcherTests.xctest */;
			productType = "com.apple.product-type.bundle.unit-test";
		};
		BC3FCD7A2C913E2B00F3AC29 /* TimeWatcherUITests */ = {
			isa = PBXNativeTarget;
			buildConfigurationList = BC3FCD8B2C913E2C00F3AC29 /* Build configuration list for PBXNativeTarget "TimeWatcherUITests" */;
			buildPhases = (
				BC3FCD772C913E2B00F3AC29 /* Sources */,
				BC3FCD782C913E2B00F3AC29 /* Frameworks */,
				BC3FCD792C913E2B00F3AC29 /* Resources */,
			);
			buildRules = (
			);
			dependencies = (
				BC3FCD7D2C913E2B00F3AC29 /* PBXTargetDependency */,
			);
			name = TimeWatcherUITests;
			productName = TimeWatcherUITests;
			productReference = BC3FCD7B2C913E2B00F3AC29 /* TimeWatcherUITests.xctest */;
			productType = "com.apple.product-type.bundle.ui-testing";
		};
/* End PBXNativeTarget section */

/* Begin PBXProject section */
		BC3FCD592C913E2900F3AC29 /* Project object */ = {
			isa = PBXProject;
			attributes = {
				BuildIndependentTargetsInParallel = 1;
				LastSwiftUpdateCheck = 1530;
				LastUpgradeCheck = 1600;
				TargetAttributes = {
					BC057EBA2C94758F0030C275 = {
						CreatedOnToolsVersion = 15.3;
					};
					BC3FCD602C913E2900F3AC29 = {
						CreatedOnToolsVersion = 15.3;
					};
					BC3FCD702C913E2B00F3AC29 = {
						CreatedOnToolsVersion = 15.3;
						TestTargetID = BC3FCD602C913E2900F3AC29;
					};
					BC3FCD7A2C913E2B00F3AC29 = {
						CreatedOnToolsVersion = 15.3;
						TestTargetID = BC3FCD602C913E2900F3AC29;
					};
				};
			};
			buildConfigurationList = BC3FCD5C2C913E2900F3AC29 /* Build configuration list for PBXProject "TimeWatcher" */;
			compatibilityVersion = "Xcode 14.0";
			developmentRegion = en;
			hasScannedForEncodings = 0;
			knownRegions = (
				en,
				Base,
			);
			mainGroup = BC3FCD582C913E2900F3AC29;
			packageReferences = (
				BC3FCD992C914C6F00F3AC29 /* XCLocalSwiftPackageReference "../TimeWatcherExternalResouce" */,
			);
			productRefGroup = BC3FCD622C913E2900F3AC29 /* Products */;
			projectDirPath = "";
			projectRoot = "";
			targets = (
				BC3FCD602C913E2900F3AC29 /* TimeWatcher */,
				BC3FCD702C913E2B00F3AC29 /* TimeWatcherTests */,
				BC3FCD7A2C913E2B00F3AC29 /* TimeWatcherUITests */,
				BC057EBA2C94758F0030C275 /* TimeWatcherWidgetExtension */,
			);
		};
/* End PBXProject section */

/* Begin PBXResourcesBuildPhase section */
		BC057EB92C94758F0030C275 /* Resources */ = {
			isa = PBXResourcesBuildPhase;
			buildActionMask = 2147483647;
			files = (
				BC6E15B82C9AF80000D518AF /* PrivacyInfo.xcprivacy in Resources */,
				BC057EC82C9475930030C275 /* Assets.xcassets in Resources */,
			);
			runOnlyForDeploymentPostprocessing = 0;
		};
		BC3FCD5F2C913E2900F3AC29 /* Resources */ = {
			isa = PBXResourcesBuildPhase;
			buildActionMask = 2147483647;
			files = (
				BC6E15B52C9AF32F00D518AF /* (null) in Resources */,
				BC6E15B72C9AF80000D518AF /* PrivacyInfo.xcprivacy in Resources */,
				BC3FCDA12C91507900F3AC29 /* Asset.xcassets in Resources */,
				BCF46B812C9D6EDB006BAEAF /* LaunchScreen.storyboard in Resources */,
				BC3FCD6C2C913E2B00F3AC29 /* Preview Assets.xcassets in Resources */,
			);
			runOnlyForDeploymentPostprocessing = 0;
		};
		BC3FCD6F2C913E2B00F3AC29 /* Resources */ = {
			isa = PBXResourcesBuildPhase;
			buildActionMask = 2147483647;
			files = (
			);
			runOnlyForDeploymentPostprocessing = 0;
		};
		BC3FCD792C913E2B00F3AC29 /* Resources */ = {
			isa = PBXResourcesBuildPhase;
			buildActionMask = 2147483647;
			files = (
			);
			runOnlyForDeploymentPostprocessing = 0;
		};
/* End PBXResourcesBuildPhase section */

/* Begin PBXSourcesBuildPhase section */
		BC057EB72C94758F0030C275 /* Sources */ = {
			isa = PBXSourcesBuildPhase;
			buildActionMask = 2147483647;
			files = (
				BC57C0E82C9947F900786503 /* AppConstants.swift in Sources */,
				BC57C0DF2C991E6A00786503 /* TimerResetIntent.swift in Sources */,
				BC57C0E42C99411200786503 /* Calendar+Extension.swift in Sources */,
				BC057EC42C94758F0030C275 /* TimeWatcherWidgetLiveActivity.swift in Sources */,
				BC5D47082C947D8200C52820 /* TimerActionType.swift in Sources */,
				BC57C0D42C990E9500786503 /* LiveActivityManaging.swift in Sources */,
				BC57C0D32C990DFE00786503 /* TimerStartIntent.swift in Sources */,
				BC57C0E92C99480800786503 /* TimeInterval+Extension.swift in Sources */,
				BC57C0D72C991C0500786503 /* DateDependency.swift in Sources */,
				BC5D47092C947E4B00C52820 /* ResourceAdapt.swift in Sources */,
				BC57C0F52C9A801400786503 /* WidgetUrlKey.swift in Sources */,
				BC04009A2C949BD3003558DB /* FrameButtonStyle.swift in Sources */,
				BC57C0DD2C991D5700786503 /* TimerControlable.swift in Sources */,
				BC057EC22C94758F0030C275 /* TimeWatcherWidgetBundle.swift in Sources */,
				BC5D47072C947C8400C52820 /* TimerStatus.swift in Sources */,
				BC57C0D82C991CCB00786503 /* Logger.swift in Sources */,
				BC57C0D52C990EA100786503 /* LiveActivityManager.swift in Sources */,
				BC57C0DB2C991D1000786503 /* TimerStopIntent.swift in Sources */,
				BC57C0D92C991CF400786503 /* Date+Extension.swift in Sources */,
				BCB5B59F2C952A7200DB3D79 /* TimerClockAnimationView.swift in Sources */,
				BC57C0D62C991B3C00786503 /* TimeWatch.swift in Sources */,
			);
			runOnlyForDeploymentPostprocessing = 0;
		};
		BC3FCD5D2C913E2900F3AC29 /* Sources */ = {
			isa = PBXSourcesBuildPhase;
			buildActionMask = 2147483647;
			files = (
				BC3FCD9F2C914E2900F3AC29 /* ResourceAdapt.swift in Sources */,
				BC57C0E12C99349100786503 /* TimerStopIntent.swift in Sources */,
				BC057EB62C92EE0F0030C275 /* DateDependency.swift in Sources */,
				BC57C0D02C96A16000786503 /* LiveActivityManaging.swift in Sources */,
				BC57C0E72C99431000786503 /* AppConstants.swift in Sources */,
				BC4B66332C959A72004C3EEF /* TimeInterval+Extension.swift in Sources */,
				BC3FCD672C913E2900F3AC29 /* MainTimerView.swift in Sources */,
				BC3FCDAC2C918A4300F3AC29 /* TimeWatch.swift in Sources */,
				BC57C0F72C9A8D1700786503 /* OpenUrlViewModel.swift in Sources */,
				BC57C0E32C99349600786503 /* TimerControlable.swift in Sources */,
				BC4B66352C95AF0F004C3EEF /* Calendar+Extension.swift in Sources */,
				BC57C0CE2C96A0E300786503 /* LiveActivityManagerMock.swift in Sources */,
				BC4B66302C955B1B004C3EEF /* LiveActivityManager.swift in Sources */,
				BC3FCD932C91429900F3AC29 /* TimerStatus.swift in Sources */,
				BC57C0F42C9A7A0200786503 /* WidgetUrlKey.swift in Sources */,
				BC3FCD952C9142BF00F3AC29 /* TimerActionType.swift in Sources */,
				BC3FCDB32C91DF8800F3AC29 /* Logger.swift in Sources */,
				BC3FCDA32C91527100F3AC29 /* FrameButtonStyle.swift in Sources */,
				BC57C0E02C99348E00786503 /* TimerStartIntent.swift in Sources */,
				BC3FCD652C913E2900F3AC29 /* TimeWatcherApp.swift in Sources */,
				BC4B66312C955C40004C3EEF /* TimeWatcherWidgetLiveActivity.swift in Sources */,
				BC3FCD902C91408A00F3AC29 /* MainTimerViewModel.swift in Sources */,
				BCB5B59E2C9529D700DB3D79 /* TimerClockAnimationView.swift in Sources */,
				BC57C0E22C99349300786503 /* TimerResetIntent.swift in Sources */,
				BC3FCDB02C91957500F3AC29 /* Date+Extension.swift in Sources */,
			);
			runOnlyForDeploymentPostprocessing = 0;
		};
		BC3FCD6D2C913E2B00F3AC29 /* Sources */ = {
			isa = PBXSourcesBuildPhase;
			buildActionMask = 2147483647;
			files = (
				BC57C0EF2C99C69900786503 /* TestUtilities.swift in Sources */,
				BC57C0EC2C996B9500786503 /* TimerStartIntentTest.swift in Sources */,
				BC57C0F12C99CDED00786503 /* TimerStopIntentTest.swift in Sources */,
				BC57C0FC2C9A938900786503 /* OpenUrlViewModelTest.swift in Sources */,
				BC057EB32C9280470030C275 /* MainTimerViewTest.swift in Sources */,
			);
			runOnlyForDeploymentPostprocessing = 0;
		};
		BC3FCD772C913E2B00F3AC29 /* Sources */ = {
			isa = PBXSourcesBuildPhase;
			buildActionMask = 2147483647;
			files = (
				BC3FCD822C913E2C00F3AC29 /* TimeWatcherUITestsLaunchTests.swift in Sources */,
				BC3FCD802C913E2C00F3AC29 /* TimeWatcherUITests.swift in Sources */,
			);
			runOnlyForDeploymentPostprocessing = 0;
		};
/* End PBXSourcesBuildPhase section */

/* Begin PBXTargetDependency section */
		BC057ECB2C9475930030C275 /* PBXTargetDependency */ = {
			isa = PBXTargetDependency;
			target = BC057EBA2C94758F0030C275 /* TimeWatcherWidgetExtension */;
			targetProxy = BC057ECA2C9475930030C275 /* PBXContainerItemProxy */;
		};
		BC3FCD732C913E2B00F3AC29 /* PBXTargetDependency */ = {
			isa = PBXTargetDependency;
			target = BC3FCD602C913E2900F3AC29 /* TimeWatcher */;
			targetProxy = BC3FCD722C913E2B00F3AC29 /* PBXContainerItemProxy */;
		};
		BC3FCD7D2C913E2B00F3AC29 /* PBXTargetDependency */ = {
			isa = PBXTargetDependency;
			target = BC3FCD602C913E2900F3AC29 /* TimeWatcher */;
			targetProxy = BC3FCD7C2C913E2B00F3AC29 /* PBXContainerItemProxy */;
		};
/* End PBXTargetDependency section */

/* Begin XCBuildConfiguration section */
		BC057ECE2C9475930030C275 /* Debug */ = {
			isa = XCBuildConfiguration;
			buildSettings = {
				ASSETCATALOG_COMPILER_GLOBAL_ACCENT_COLOR_NAME = AccentColor;
				ASSETCATALOG_COMPILER_WIDGET_BACKGROUND_COLOR_NAME = WidgetBackground;
				"CODE_SIGN_IDENTITY[sdk=iphoneos*]" = "iPhone Developer";
				CODE_SIGN_STYLE = Manual;
				CURRENT_PROJECT_VERSION = 1.0.0;
				DEVELOPMENT_TEAM = "";
				"DEVELOPMENT_TEAM[sdk=iphoneos*]" = 56LYVN6DMF;
				GENERATE_INFOPLIST_FILE = YES;
				INFOPLIST_FILE = TimeWatcherWidget/Info.plist;
				INFOPLIST_KEY_CFBundleDisplayName = TimeWatcherWidget;
				INFOPLIST_KEY_NSHumanReadableCopyright = "";
				INFOPLIST_KEY_NSSupportsLiveActivities = YES;
				IPHONEOS_DEPLOYMENT_TARGET = 17.0;
				LD_RUNPATH_SEARCH_PATHS = (
					"$(inherited)",
					"@executable_path/Frameworks",
					"@executable_path/../../Frameworks",
				);
				MARKETING_VERSION = 1.0.0;
				PRODUCT_BUNDLE_IDENTIFIER = taichi.satou.TimeWatcher.TimeWatcherWidget;
				PRODUCT_NAME = "$(TARGET_NAME)";
				PROVISIONING_PROFILE_SPECIFIER = "";
				"PROVISIONING_PROFILE_SPECIFIER[sdk=iphoneos*]" = TimeWatcher_Widget_Dev;
				SKIP_INSTALL = YES;
				SUPPORTED_PLATFORMS = "iphoneos iphonesimulator";
				SUPPORTS_MACCATALYST = NO;
				SUPPORTS_MAC_DESIGNED_FOR_IPHONE_IPAD = NO;
				SUPPORTS_XR_DESIGNED_FOR_IPHONE_IPAD = NO;
				SWIFT_EMIT_LOC_STRINGS = YES;
				SWIFT_VERSION = 5.0;
				TARGETED_DEVICE_FAMILY = "1,2";
				VERSIONING_SYSTEM = "apple-generic";
			};
			name = Debug;
		};
		BC057ECF2C9475930030C275 /* Release */ = {
			isa = XCBuildConfiguration;
			buildSettings = {
				ASSETCATALOG_COMPILER_GLOBAL_ACCENT_COLOR_NAME = AccentColor;
				ASSETCATALOG_COMPILER_WIDGET_BACKGROUND_COLOR_NAME = WidgetBackground;
				"CODE_SIGN_IDENTITY[sdk=iphoneos*]" = "iPhone Distribution";
				CODE_SIGN_STYLE = Manual;
				CURRENT_PROJECT_VERSION = 1.0.0;
				DEVELOPMENT_TEAM = "";
				"DEVELOPMENT_TEAM[sdk=iphoneos*]" = 56LYVN6DMF;
				GENERATE_INFOPLIST_FILE = YES;
				INFOPLIST_FILE = TimeWatcherWidget/Info.plist;
				INFOPLIST_KEY_CFBundleDisplayName = TimeWatcherWidget;
				INFOPLIST_KEY_NSHumanReadableCopyright = "";
				INFOPLIST_KEY_NSSupportsLiveActivities = YES;
				IPHONEOS_DEPLOYMENT_TARGET = 17.0;
				LD_RUNPATH_SEARCH_PATHS = (
					"$(inherited)",
					"@executable_path/Frameworks",
					"@executable_path/../../Frameworks",
				);
				MARKETING_VERSION = 1.0.0;
				PRODUCT_BUNDLE_IDENTIFIER = taichi.satou.TimeWatcher.TimeWatcherWidget;
				PRODUCT_NAME = "$(TARGET_NAME)";
				PROVISIONING_PROFILE_SPECIFIER = "";
				"PROVISIONING_PROFILE_SPECIFIER[sdk=iphoneos*]" = TimeWatcher_Widget_Distribution;
				SKIP_INSTALL = YES;
				SUPPORTED_PLATFORMS = "iphoneos iphonesimulator";
				SUPPORTS_MACCATALYST = NO;
				SUPPORTS_MAC_DESIGNED_FOR_IPHONE_IPAD = NO;
				SUPPORTS_XR_DESIGNED_FOR_IPHONE_IPAD = NO;
				SWIFT_EMIT_LOC_STRINGS = YES;
				SWIFT_VERSION = 5.0;
				TARGETED_DEVICE_FAMILY = "1,2";
				VERSIONING_SYSTEM = "apple-generic";
			};
			name = Release;
		};
		BC3FCD832C913E2C00F3AC29 /* Debug */ = {
			isa = XCBuildConfiguration;
			buildSettings = {
				ALWAYS_SEARCH_USER_PATHS = NO;
				ASSETCATALOG_COMPILER_GENERATE_SWIFT_ASSET_SYMBOL_EXTENSIONS = YES;
				CLANG_ANALYZER_NONNULL = YES;
				CLANG_ANALYZER_NUMBER_OBJECT_CONVERSION = YES_AGGRESSIVE;
				CLANG_CXX_LANGUAGE_STANDARD = "gnu++20";
				CLANG_ENABLE_MODULES = YES;
				CLANG_ENABLE_OBJC_ARC = YES;
				CLANG_ENABLE_OBJC_WEAK = YES;
				CLANG_WARN_BLOCK_CAPTURE_AUTORELEASING = YES;
				CLANG_WARN_BOOL_CONVERSION = YES;
				CLANG_WARN_COMMA = YES;
				CLANG_WARN_CONSTANT_CONVERSION = YES;
				CLANG_WARN_DEPRECATED_OBJC_IMPLEMENTATIONS = YES;
				CLANG_WARN_DIRECT_OBJC_ISA_USAGE = YES_ERROR;
				CLANG_WARN_DOCUMENTATION_COMMENTS = YES;
				CLANG_WARN_EMPTY_BODY = YES;
				CLANG_WARN_ENUM_CONVERSION = YES;
				CLANG_WARN_INFINITE_RECURSION = YES;
				CLANG_WARN_INT_CONVERSION = YES;
				CLANG_WARN_NON_LITERAL_NULL_CONVERSION = YES;
				CLANG_WARN_OBJC_IMPLICIT_RETAIN_SELF = YES;
				CLANG_WARN_OBJC_LITERAL_CONVERSION = YES;
				CLANG_WARN_OBJC_ROOT_CLASS = YES_ERROR;
				CLANG_WARN_QUOTED_INCLUDE_IN_FRAMEWORK_HEADER = YES;
				CLANG_WARN_RANGE_LOOP_ANALYSIS = YES;
				CLANG_WARN_STRICT_PROTOTYPES = YES;
				CLANG_WARN_SUSPICIOUS_MOVE = YES;
				CLANG_WARN_UNGUARDED_AVAILABILITY = YES_AGGRESSIVE;
				CLANG_WARN_UNREACHABLE_CODE = YES;
				CLANG_WARN__DUPLICATE_METHOD_MATCH = YES;
				COPY_PHASE_STRIP = NO;
				CURRENT_PROJECT_VERSION = 1.0.0;
				DEBUG_INFORMATION_FORMAT = dwarf;
				ENABLE_STRICT_OBJC_MSGSEND = YES;
				ENABLE_TESTABILITY = YES;
				ENABLE_USER_SCRIPT_SANDBOXING = YES;
				GCC_C_LANGUAGE_STANDARD = gnu17;
				GCC_DYNAMIC_NO_PIC = NO;
				GCC_NO_COMMON_BLOCKS = YES;
				GCC_OPTIMIZATION_LEVEL = 0;
				GCC_PREPROCESSOR_DEFINITIONS = (
					"DEBUG=1",
					"$(inherited)",
				);
				GCC_WARN_64_TO_32_BIT_CONVERSION = YES;
				GCC_WARN_ABOUT_RETURN_TYPE = YES_ERROR;
				GCC_WARN_UNDECLARED_SELECTOR = YES;
				GCC_WARN_UNINITIALIZED_AUTOS = YES_AGGRESSIVE;
				GCC_WARN_UNUSED_FUNCTION = YES;
				GCC_WARN_UNUSED_VARIABLE = YES;
				IPHONEOS_DEPLOYMENT_TARGET = 17.4;
				LOCALIZATION_PREFERS_STRING_CATALOGS = YES;
				MTL_ENABLE_DEBUG_INFO = INCLUDE_SOURCE;
				MTL_FAST_MATH = YES;
				ONLY_ACTIVE_ARCH = YES;
				SDKROOT = iphoneos;
				SWIFT_ACTIVE_COMPILATION_CONDITIONS = "DEBUG $(inherited)";
				SWIFT_OPTIMIZATION_LEVEL = "-Onone";
				VERSIONING_SYSTEM = "apple-generic";
			};
			name = Debug;
		};
		BC3FCD842C913E2C00F3AC29 /* Release */ = {
			isa = XCBuildConfiguration;
			buildSettings = {
				ALWAYS_SEARCH_USER_PATHS = NO;
				ASSETCATALOG_COMPILER_GENERATE_SWIFT_ASSET_SYMBOL_EXTENSIONS = YES;
				CLANG_ANALYZER_NONNULL = YES;
				CLANG_ANALYZER_NUMBER_OBJECT_CONVERSION = YES_AGGRESSIVE;
				CLANG_CXX_LANGUAGE_STANDARD = "gnu++20";
				CLANG_ENABLE_MODULES = YES;
				CLANG_ENABLE_OBJC_ARC = YES;
				CLANG_ENABLE_OBJC_WEAK = YES;
				CLANG_WARN_BLOCK_CAPTURE_AUTORELEASING = YES;
				CLANG_WARN_BOOL_CONVERSION = YES;
				CLANG_WARN_COMMA = YES;
				CLANG_WARN_CONSTANT_CONVERSION = YES;
				CLANG_WARN_DEPRECATED_OBJC_IMPLEMENTATIONS = YES;
				CLANG_WARN_DIRECT_OBJC_ISA_USAGE = YES_ERROR;
				CLANG_WARN_DOCUMENTATION_COMMENTS = YES;
				CLANG_WARN_EMPTY_BODY = YES;
				CLANG_WARN_ENUM_CONVERSION = YES;
				CLANG_WARN_INFINITE_RECURSION = YES;
				CLANG_WARN_INT_CONVERSION = YES;
				CLANG_WARN_NON_LITERAL_NULL_CONVERSION = YES;
				CLANG_WARN_OBJC_IMPLICIT_RETAIN_SELF = YES;
				CLANG_WARN_OBJC_LITERAL_CONVERSION = YES;
				CLANG_WARN_OBJC_ROOT_CLASS = YES_ERROR;
				CLANG_WARN_QUOTED_INCLUDE_IN_FRAMEWORK_HEADER = YES;
				CLANG_WARN_RANGE_LOOP_ANALYSIS = YES;
				CLANG_WARN_STRICT_PROTOTYPES = YES;
				CLANG_WARN_SUSPICIOUS_MOVE = YES;
				CLANG_WARN_UNGUARDED_AVAILABILITY = YES_AGGRESSIVE;
				CLANG_WARN_UNREACHABLE_CODE = YES;
				CLANG_WARN__DUPLICATE_METHOD_MATCH = YES;
				COPY_PHASE_STRIP = NO;
				CURRENT_PROJECT_VERSION = 1.0.0;
				DEBUG_INFORMATION_FORMAT = "dwarf-with-dsym";
				ENABLE_NS_ASSERTIONS = NO;
				ENABLE_STRICT_OBJC_MSGSEND = YES;
				ENABLE_USER_SCRIPT_SANDBOXING = YES;
				GCC_C_LANGUAGE_STANDARD = gnu17;
				GCC_NO_COMMON_BLOCKS = YES;
				GCC_WARN_64_TO_32_BIT_CONVERSION = YES;
				GCC_WARN_ABOUT_RETURN_TYPE = YES_ERROR;
				GCC_WARN_UNDECLARED_SELECTOR = YES;
				GCC_WARN_UNINITIALIZED_AUTOS = YES_AGGRESSIVE;
				GCC_WARN_UNUSED_FUNCTION = YES;
				GCC_WARN_UNUSED_VARIABLE = YES;
				IPHONEOS_DEPLOYMENT_TARGET = 17.4;
				LOCALIZATION_PREFERS_STRING_CATALOGS = YES;
				MTL_ENABLE_DEBUG_INFO = NO;
				MTL_FAST_MATH = YES;
				SDKROOT = iphoneos;
				SWIFT_COMPILATION_MODE = wholemodule;
				VALIDATE_PRODUCT = YES;
				VERSIONING_SYSTEM = "apple-generic";
			};
			name = Release;
		};
		BC3FCD862C913E2C00F3AC29 /* Debug */ = {
			isa = XCBuildConfiguration;
			buildSettings = {
				ASSETCATALOG_COMPILER_APPICON_NAME = AppIcon;
				ASSETCATALOG_COMPILER_GLOBAL_ACCENT_COLOR_NAME = AccentColor;
				ASSETCATALOG_COMPILER_INCLUDE_ALL_APPICON_ASSETS = YES;
				"CODE_SIGN_IDENTITY[sdk=iphoneos*]" = "iPhone Developer";
				CODE_SIGN_STYLE = Manual;
				CURRENT_PROJECT_VERSION = 1.0.0;
				DEVELOPMENT_ASSET_PATHS = "\"TimeWatcher/Preview Content\"";
				DEVELOPMENT_TEAM = "";
				"DEVELOPMENT_TEAM[sdk=iphoneos*]" = 56LYVN6DMF;
				ENABLE_PREVIEWS = YES;
				GENERATE_INFOPLIST_FILE = YES;
				INFOPLIST_KEY_NSSupportsLiveActivities = YES;
				INFOPLIST_KEY_UIApplicationSceneManifest_Generation = YES;
				INFOPLIST_KEY_UIApplicationSupportsIndirectInputEvents = YES;
				INFOPLIST_KEY_UILaunchScreen_Generation = YES;
				INFOPLIST_KEY_UILaunchStoryboardName = LaunchScreen.storyboard;
				INFOPLIST_KEY_UISupportedInterfaceOrientations_iPad = "UIInterfaceOrientationPortrait UIInterfaceOrientationPortraitUpsideDown UIInterfaceOrientationLandscapeLeft UIInterfaceOrientationLandscapeRight";
				INFOPLIST_KEY_UISupportedInterfaceOrientations_iPhone = "UIInterfaceOrientationPortrait UIInterfaceOrientationLandscapeLeft UIInterfaceOrientationLandscapeRight";
				IPHONEOS_DEPLOYMENT_TARGET = 17.0;
				LD_RUNPATH_SEARCH_PATHS = (
					"$(inherited)",
					"@executable_path/Frameworks",
				);
				MARKETING_VERSION = 1.0.0;
				PRODUCT_BUNDLE_IDENTIFIER = taichi.satou.TimeWatcher;
				PRODUCT_NAME = "$(TARGET_NAME)";
				PROVISIONING_PROFILE_SPECIFIER = "";
				"PROVISIONING_PROFILE_SPECIFIER[sdk=iphoneos*]" = TimeWatcher_Dev;
				SWIFT_EMIT_LOC_STRINGS = YES;
				SWIFT_VERSION = 5.0;
				TARGETED_DEVICE_FAMILY = "1,2";
				VERSIONING_SYSTEM = "apple-generic";
			};
			name = Debug;
		};
		BC3FCD872C913E2C00F3AC29 /* Release */ = {
			isa = XCBuildConfiguration;
			buildSettings = {
				ASSETCATALOG_COMPILER_APPICON_NAME = AppIcon;
				ASSETCATALOG_COMPILER_GLOBAL_ACCENT_COLOR_NAME = AccentColor;
				ASSETCATALOG_COMPILER_INCLUDE_ALL_APPICON_ASSETS = YES;
				"CODE_SIGN_IDENTITY[sdk=iphoneos*]" = "iPhone Distribution";
				CODE_SIGN_STYLE = Manual;
				CURRENT_PROJECT_VERSION = 1.0.0;
				DEVELOPMENT_ASSET_PATHS = "\"TimeWatcher/Preview Content\"";
				DEVELOPMENT_TEAM = "";
				"DEVELOPMENT_TEAM[sdk=iphoneos*]" = 56LYVN6DMF;
				ENABLE_PREVIEWS = YES;
				GENERATE_INFOPLIST_FILE = YES;
				INFOPLIST_KEY_NSSupportsLiveActivities = YES;
				INFOPLIST_KEY_UIApplicationSceneManifest_Generation = YES;
				INFOPLIST_KEY_UIApplicationSupportsIndirectInputEvents = YES;
				INFOPLIST_KEY_UILaunchScreen_Generation = YES;
				INFOPLIST_KEY_UILaunchStoryboardName = LaunchScreen.storyboard;
				INFOPLIST_KEY_UISupportedInterfaceOrientations_iPad = "UIInterfaceOrientationPortrait UIInterfaceOrientationPortraitUpsideDown UIInterfaceOrientationLandscapeLeft UIInterfaceOrientationLandscapeRight";
				INFOPLIST_KEY_UISupportedInterfaceOrientations_iPhone = "UIInterfaceOrientationPortrait UIInterfaceOrientationLandscapeLeft UIInterfaceOrientationLandscapeRight";
				IPHONEOS_DEPLOYMENT_TARGET = 17.0;
				LD_RUNPATH_SEARCH_PATHS = (
					"$(inherited)",
					"@executable_path/Frameworks",
				);
				MARKETING_VERSION = 1.0.0;
				PRODUCT_BUNDLE_IDENTIFIER = taichi.satou.TimeWatcher;
				PRODUCT_NAME = "$(TARGET_NAME)";
				PROVISIONING_PROFILE_SPECIFIER = "";
				"PROVISIONING_PROFILE_SPECIFIER[sdk=iphoneos*]" = TimeWatcher_Distribution;
				SWIFT_EMIT_LOC_STRINGS = YES;
				SWIFT_VERSION = 5.0;
				TARGETED_DEVICE_FAMILY = "1,2";
				VERSIONING_SYSTEM = "apple-generic";
			};
			name = Release;
		};
		BC3FCD892C913E2C00F3AC29 /* Debug */ = {
			isa = XCBuildConfiguration;
			buildSettings = {
				BUNDLE_LOADER = "$(TEST_HOST)";
				CODE_SIGN_STYLE = Automatic;
				CURRENT_PROJECT_VERSION = 1;
				DEVELOPMENT_TEAM = 56LYVN6DMF;
				GENERATE_INFOPLIST_FILE = YES;
				IPHONEOS_DEPLOYMENT_TARGET = 17.0;
				MARKETING_VERSION = 1.0;
				PRODUCT_BUNDLE_IDENTIFIER = taichi.satou.TimeWatcherTests;
				PRODUCT_NAME = "$(TARGET_NAME)";
				SWIFT_EMIT_LOC_STRINGS = NO;
				SWIFT_VERSION = 5.0;
				TARGETED_DEVICE_FAMILY = "1,2";
				TEST_HOST = "$(BUILT_PRODUCTS_DIR)/TimeWatcher.app/$(BUNDLE_EXECUTABLE_FOLDER_PATH)/TimeWatcher";
			};
			name = Debug;
		};
		BC3FCD8A2C913E2C00F3AC29 /* Release */ = {
			isa = XCBuildConfiguration;
			buildSettings = {
				BUNDLE_LOADER = "$(TEST_HOST)";
				CODE_SIGN_STYLE = Automatic;
				CURRENT_PROJECT_VERSION = 1;
				DEVELOPMENT_TEAM = 56LYVN6DMF;
				GENERATE_INFOPLIST_FILE = YES;
				IPHONEOS_DEPLOYMENT_TARGET = 17.0;
				MARKETING_VERSION = 1.0;
				PRODUCT_BUNDLE_IDENTIFIER = taichi.satou.TimeWatcherTests;
				PRODUCT_NAME = "$(TARGET_NAME)";
				SWIFT_EMIT_LOC_STRINGS = NO;
				SWIFT_VERSION = 5.0;
				TARGETED_DEVICE_FAMILY = "1,2";
				TEST_HOST = "$(BUILT_PRODUCTS_DIR)/TimeWatcher.app/$(BUNDLE_EXECUTABLE_FOLDER_PATH)/TimeWatcher";
			};
			name = Release;
		};
		BC3FCD8C2C913E2C00F3AC29 /* Debug */ = {
			isa = XCBuildConfiguration;
			buildSettings = {
				CODE_SIGN_STYLE = Automatic;
				CURRENT_PROJECT_VERSION = 1;
				DEVELOPMENT_TEAM = 56LYVN6DMF;
				GENERATE_INFOPLIST_FILE = YES;
				IPHONEOS_DEPLOYMENT_TARGET = 17.0;
				MARKETING_VERSION = 1.0;
				PRODUCT_BUNDLE_IDENTIFIER = taichi.satou.TimeWatcherUITests;
				PRODUCT_NAME = "$(TARGET_NAME)";
				SWIFT_EMIT_LOC_STRINGS = NO;
				SWIFT_VERSION = 5.0;
				TARGETED_DEVICE_FAMILY = "1,2";
				TEST_TARGET_NAME = TimeWatcher;
			};
			name = Debug;
		};
		BC3FCD8D2C913E2C00F3AC29 /* Release */ = {
			isa = XCBuildConfiguration;
			buildSettings = {
				CODE_SIGN_STYLE = Automatic;
				CURRENT_PROJECT_VERSION = 1;
				DEVELOPMENT_TEAM = 56LYVN6DMF;
				GENERATE_INFOPLIST_FILE = YES;
				IPHONEOS_DEPLOYMENT_TARGET = 17.0;
				MARKETING_VERSION = 1.0;
				PRODUCT_BUNDLE_IDENTIFIER = taichi.satou.TimeWatcherUITests;
				PRODUCT_NAME = "$(TARGET_NAME)";
				SWIFT_EMIT_LOC_STRINGS = NO;
				SWIFT_VERSION = 5.0;
				TARGETED_DEVICE_FAMILY = "1,2";
				TEST_TARGET_NAME = TimeWatcher;
			};
			name = Release;
		};
/* End XCBuildConfiguration section */

/* Begin XCConfigurationList section */
		BC057ED02C9475930030C275 /* Build configuration list for PBXNativeTarget "TimeWatcherWidgetExtension" */ = {
			isa = XCConfigurationList;
			buildConfigurations = (
				BC057ECE2C9475930030C275 /* Debug */,
				BC057ECF2C9475930030C275 /* Release */,
			);
			defaultConfigurationIsVisible = 0;
			defaultConfigurationName = Release;
		};
		BC3FCD5C2C913E2900F3AC29 /* Build configuration list for PBXProject "TimeWatcher" */ = {
			isa = XCConfigurationList;
			buildConfigurations = (
				BC3FCD832C913E2C00F3AC29 /* Debug */,
				BC3FCD842C913E2C00F3AC29 /* Release */,
			);
			defaultConfigurationIsVisible = 0;
			defaultConfigurationName = Release;
		};
		BC3FCD852C913E2C00F3AC29 /* Build configuration list for PBXNativeTarget "TimeWatcher" */ = {
			isa = XCConfigurationList;
			buildConfigurations = (
				BC3FCD862C913E2C00F3AC29 /* Debug */,
				BC3FCD872C913E2C00F3AC29 /* Release */,
			);
			defaultConfigurationIsVisible = 0;
			defaultConfigurationName = Release;
		};
		BC3FCD882C913E2C00F3AC29 /* Build configuration list for PBXNativeTarget "TimeWatcherTests" */ = {
			isa = XCConfigurationList;
			buildConfigurations = (
				BC3FCD892C913E2C00F3AC29 /* Debug */,
				BC3FCD8A2C913E2C00F3AC29 /* Release */,
			);
			defaultConfigurationIsVisible = 0;
			defaultConfigurationName = Release;
		};
		BC3FCD8B2C913E2C00F3AC29 /* Build configuration list for PBXNativeTarget "TimeWatcherUITests" */ = {
			isa = XCConfigurationList;
			buildConfigurations = (
				BC3FCD8C2C913E2C00F3AC29 /* Debug */,
				BC3FCD8D2C913E2C00F3AC29 /* Release */,
			);
			defaultConfigurationIsVisible = 0;
			defaultConfigurationName = Release;
		};
/* End XCConfigurationList section */

/* Begin XCLocalSwiftPackageReference section */
		BC3FCD992C914C6F00F3AC29 /* XCLocalSwiftPackageReference "../TimeWatcherExternalResouce" */ = {
			isa = XCLocalSwiftPackageReference;
			relativePath = ../TimeWatcherExternalResouce;
		};
/* End XCLocalSwiftPackageReference section */

/* Begin XCSwiftPackageProductDependency section */
		BC057ED12C9478AE0030C275 /* TimeWatcherExternalResouce */ = {
			isa = XCSwiftPackageProductDependency;
			productName = TimeWatcherExternalResouce;
		};
		BC3FCD9B2C914D9000F3AC29 /* TimeWatcherExternalResouce */ = {
			isa = XCSwiftPackageProductDependency;
			productName = TimeWatcherExternalResouce;
		};
/* End XCSwiftPackageProductDependency section */
	};
	rootObject = BC3FCD592C913E2900F3AC29 /* Project object */;
}
